
Microsoft Visual Studio Solution File, Format Version 12.00
# Visual Studio 15
VisualStudioVersion = 15.0.26403.7
MinimumVisualStudioVersion = 10.0.40219.1
Project("{FAE04EC0-301F-11D3-BF4B-00C04F79EFBC}") = "Brackets.Parser.Tests", "Brackets.Parser.Tests\Brackets.Parser.Tests.csproj", "{356AE924-A768-4E6E-9674-4839C789E494}"
EndProject
Project("{FAE04EC0-301F-11D3-BF4B-00C04F79EFBC}") = "Brackets.Parser", "Brackets.Parser\Brackets.Parser.csproj", "{06E4006A-444F-40B9-84A7-120A17432F85}"
EndProject
Global
	GlobalSection(SolutionConfigurationPlatforms) = preSolution
		Debug|Any CPU = Debug|Any CPU
		Release|Any CPU = Release|Any CPU
	EndGlobalSection
	GlobalSection(ProjectConfigurationPlatforms) = postSolution
		{356AE924-A768-4E6E-9674-4839C789E494}.Debug|Any CPU.ActiveCfg = Debug|Any CPU
		{356AE924-A768-4E6E-9674-4839C789E494}.Debug|Any CPU.Build.0 = Debug|Any CPU
		{356AE924-A768-4E6E-9674-4839C789E494}.Release|Any CPU.ActiveCfg = Release|Any CPU
		{356AE924-A768-4E6E-9674-4839C789E494}.Release|Any CPU.Build.0 = Release|Any CPU
		{06E4006A-444F-40B9-84A7-120A17432F85}.Debug|Any CPU.ActiveCfg = Debug|Any CPU
		{06E4006A-444F-40B9-84A7-120A17432F85}.Debug|Any CPU.Build.0 = Debug|Any CPU
		{06E4006A-444F-40B9-84A7-120A17432F85}.Release|Any CPU.ActiveCfg = Release|Any CPU
		{06E4006A-444F-40B9-84A7-120A17432F85}.Release|Any CPU.Build.0 = Release|Any CPU
	EndGlobalSection
	GlobalSection(SolutionProperties) = preSolution
		HideSolutionNode = FALSE
	EndGlobalSection
EndGlobal
